
Microsoft Visual Studio Solution File, Format Version 12.00
# Visual Studio Version 17
VisualStudioVersion = 17.9.34616.47
MinimumVisualStudioVersion = 10.0.40219.1
Project("{FAE04EC0-301F-11D3-BF4B-00C04F79EFBC}") = "Lab8VisualProg", "Lab8VisualProg\Lab8VisualProg.csproj", "{6CB27C4D-9049-4733-AA2C-290C83A78868}"
EndProject
Project("{FAE04EC0-301F-11D3-BF4B-00C04F79EFBC}") = "run", "run\run.csproj", "{0DE206A3-4176-4C72-A76F-74FF7FD35D90}"
EndProject
Global
	GlobalSection(SolutionConfigurationPlatforms) = preSolution
		Debug|Any CPU = Debug|Any CPU
		Release|Any CPU = Release|Any CPU
	EndGlobalSection
	GlobalSection(ProjectConfigurationPlatforms) = postSolution
		{6CB27C4D-9049-4733-AA2C-290C83A78868}.Debug|Any CPU.ActiveCfg = Debug|Any CPU
		{6CB27C4D-9049-4733-AA2C-290C83A78868}.Debug|Any CPU.Build.0 = Debug|Any CPU
		{6CB27C4D-9049-4733-AA2C-290C83A78868}.Release|Any CPU.ActiveCfg = Release|Any CPU
		{6CB27C4D-9049-4733-AA2C-290C83A78868}.Release|Any CPU.Build.0 = Release|Any CPU
		{0DE206A3-4176-4C72-A76F-74FF7FD35D90}.Debug|Any CPU.ActiveCfg = Debug|Any CPU
		{0DE206A3-4176-4C72-A76F-74FF7FD35D90}.Debug|Any CPU.Build.0 = Debug|Any CPU
		{0DE206A3-4176-4C72-A76F-74FF7FD35D90}.Release|Any CPU.ActiveCfg = Release|Any CPU
		{0DE206A3-4176-4C72-A76F-74FF7FD35D90}.Release|Any CPU.Build.0 = Release|Any CPU
	EndGlobalSection
	GlobalSection(SolutionProperties) = preSolution
		HideSolutionNode = FALSE
	EndGlobalSection
	GlobalSection(ExtensibilityGlobals) = postSolution
		SolutionGuid = {85253FB1-1BCF-402B-BE02-826A11798718}
	EndGlobalSection
EndGlobal
