
Microsoft Visual Studio Solution File, Format Version 12.00
# Visual Studio Version 17
VisualStudioVersion = 17.9.34616.47
MinimumVisualStudioVersion = 10.0.40219.1
Project("{9A19103F-16F7-4668-BE54-9A1E7A4F7556}") = "Pract7VisualProg", "Pract7VisualProg\Pract7VisualProg.csproj", "{06D03492-1A2D-4C00-9C2B-59520414D070}"
EndProject
Project("{FAE04EC0-301F-11D3-BF4B-00C04F79EFBC}") = "run", "run\run.csproj", "{091B3CB8-919E-48B4-93B2-C7F1DAA5576B}"
EndProject
Global
	GlobalSection(SolutionConfigurationPlatforms) = preSolution
		Debug|Any CPU = Debug|Any CPU
		Release|Any CPU = Release|Any CPU
	EndGlobalSection
	GlobalSection(ProjectConfigurationPlatforms) = postSolution
		{06D03492-1A2D-4C00-9C2B-59520414D070}.Debug|Any CPU.ActiveCfg = Debug|Any CPU
		{06D03492-1A2D-4C00-9C2B-59520414D070}.Debug|Any CPU.Build.0 = Debug|Any CPU
		{06D03492-1A2D-4C00-9C2B-59520414D070}.Release|Any CPU.ActiveCfg = Release|Any CPU
		{06D03492-1A2D-4C00-9C2B-59520414D070}.Release|Any CPU.Build.0 = Release|Any CPU
		{091B3CB8-919E-48B4-93B2-C7F1DAA5576B}.Debug|Any CPU.ActiveCfg = Debug|Any CPU
		{091B3CB8-919E-48B4-93B2-C7F1DAA5576B}.Debug|Any CPU.Build.0 = Debug|Any CPU
		{091B3CB8-919E-48B4-93B2-C7F1DAA5576B}.Release|Any CPU.ActiveCfg = Release|Any CPU
		{091B3CB8-919E-48B4-93B2-C7F1DAA5576B}.Release|Any CPU.Build.0 = Release|Any CPU
	EndGlobalSection
	GlobalSection(SolutionProperties) = preSolution
		HideSolutionNode = FALSE
	EndGlobalSection
	GlobalSection(ExtensibilityGlobals) = postSolution
		SolutionGuid = {368E5435-EE20-41C2-9428-926FEA72457E}
	EndGlobalSection
EndGlobal
