
Microsoft Visual Studio Solution File, Format Version 12.00
# Visual Studio Version 17
VisualStudioVersion = 17.9.34616.47
MinimumVisualStudioVersion = 10.0.40219.1
Project("{9A19103F-16F7-4668-BE54-9A1E7A4F7556}") = "Lab6VisualProg", "Lab6VisualProg\Lab6VisualProg.csproj", "{C87CEAC4-CDA0-482F-89D7-48BC80E1810B}"
EndProject
Project("{FAE04EC0-301F-11D3-BF4B-00C04F79EFBC}") = "run", "run\run.csproj", "{5F83749C-F5BC-4C13-8361-AF6E2DFF64D4}"
EndProject
Global
	GlobalSection(SolutionConfigurationPlatforms) = preSolution
		Debug|Any CPU = Debug|Any CPU
		Release|Any CPU = Release|Any CPU
	EndGlobalSection
	GlobalSection(ProjectConfigurationPlatforms) = postSolution
		{C87CEAC4-CDA0-482F-89D7-48BC80E1810B}.Debug|Any CPU.ActiveCfg = Debug|Any CPU
		{C87CEAC4-CDA0-482F-89D7-48BC80E1810B}.Debug|Any CPU.Build.0 = Debug|Any CPU
		{C87CEAC4-CDA0-482F-89D7-48BC80E1810B}.Release|Any CPU.ActiveCfg = Release|Any CPU
		{C87CEAC4-CDA0-482F-89D7-48BC80E1810B}.Release|Any CPU.Build.0 = Release|Any CPU
		{5F83749C-F5BC-4C13-8361-AF6E2DFF64D4}.Debug|Any CPU.ActiveCfg = Debug|Any CPU
		{5F83749C-F5BC-4C13-8361-AF6E2DFF64D4}.Debug|Any CPU.Build.0 = Debug|Any CPU
		{5F83749C-F5BC-4C13-8361-AF6E2DFF64D4}.Release|Any CPU.ActiveCfg = Release|Any CPU
		{5F83749C-F5BC-4C13-8361-AF6E2DFF64D4}.Release|Any CPU.Build.0 = Release|Any CPU
	EndGlobalSection
	GlobalSection(SolutionProperties) = preSolution
		HideSolutionNode = FALSE
	EndGlobalSection
	GlobalSection(ExtensibilityGlobals) = postSolution
		SolutionGuid = {73BEEC60-85DB-4B74-813A-8F0B066BF737}
	EndGlobalSection
EndGlobal
