
Microsoft Visual Studio Solution File, Format Version 12.00
# Visual Studio Version 17
VisualStudioVersion = 17.9.34616.47
MinimumVisualStudioVersion = 10.0.40219.1
Project("{9A19103F-16F7-4668-BE54-9A1E7A4F7556}") = "PractVP2", "PractVP2\PractVP2.csproj", "{DDBA5433-D776-4B76-B8A1-F2B40C3FEB8C}"
EndProject
Project("{FAE04EC0-301F-11D3-BF4B-00C04F79EFBC}") = "GoGo", "GoGo\GoGo.csproj", "{C9DA0FAE-BA71-4947-BD88-836E3E977081}"
EndProject
Global
	GlobalSection(SolutionConfigurationPlatforms) = preSolution
		Debug|Any CPU = Debug|Any CPU
		Release|Any CPU = Release|Any CPU
	EndGlobalSection
	GlobalSection(ProjectConfigurationPlatforms) = postSolution
		{DDBA5433-D776-4B76-B8A1-F2B40C3FEB8C}.Debug|Any CPU.ActiveCfg = Debug|Any CPU
		{DDBA5433-D776-4B76-B8A1-F2B40C3FEB8C}.Debug|Any CPU.Build.0 = Debug|Any CPU
		{DDBA5433-D776-4B76-B8A1-F2B40C3FEB8C}.Release|Any CPU.ActiveCfg = Release|Any CPU
		{DDBA5433-D776-4B76-B8A1-F2B40C3FEB8C}.Release|Any CPU.Build.0 = Release|Any CPU
		{C9DA0FAE-BA71-4947-BD88-836E3E977081}.Debug|Any CPU.ActiveCfg = Debug|Any CPU
		{C9DA0FAE-BA71-4947-BD88-836E3E977081}.Debug|Any CPU.Build.0 = Debug|Any CPU
		{C9DA0FAE-BA71-4947-BD88-836E3E977081}.Release|Any CPU.ActiveCfg = Release|Any CPU
		{C9DA0FAE-BA71-4947-BD88-836E3E977081}.Release|Any CPU.Build.0 = Release|Any CPU
	EndGlobalSection
	GlobalSection(SolutionProperties) = preSolution
		HideSolutionNode = FALSE
	EndGlobalSection
	GlobalSection(ExtensibilityGlobals) = postSolution
		SolutionGuid = {FA5F188C-0C9D-4279-BDA9-B39DB10E37BD}
	EndGlobalSection
EndGlobal
