
Microsoft Visual Studio Solution File, Format Version 12.00
# Visual Studio Version 17
VisualStudioVersion = 17.8.34525.116
MinimumVisualStudioVersion = 10.0.40219.1
Project("{FAE04EC0-301F-11D3-BF4B-00C04F79EFBC}") = "Student", "Lab2VisualProg\Student.csproj", "{9F632CAC-51B3-4072-9BC5-C3A3B9EB8A40}"
EndProject
Project("{FAE04EC0-301F-11D3-BF4B-00C04F79EFBC}") = "Lab2Visual", "Lab2Visual\Lab2Visual.csproj", "{2FDA324C-64EA-4E0C-BEB2-7822A43D8AE9}"
EndProject
Global
	GlobalSection(SolutionConfigurationPlatforms) = preSolution
		Debug|Any CPU = Debug|Any CPU
		Release|Any CPU = Release|Any CPU
	EndGlobalSection
	GlobalSection(ProjectConfigurationPlatforms) = postSolution
		{9F632CAC-51B3-4072-9BC5-C3A3B9EB8A40}.Debug|Any CPU.ActiveCfg = Debug|Any CPU
		{9F632CAC-51B3-4072-9BC5-C3A3B9EB8A40}.Debug|Any CPU.Build.0 = Debug|Any CPU
		{9F632CAC-51B3-4072-9BC5-C3A3B9EB8A40}.Release|Any CPU.ActiveCfg = Release|Any CPU
		{9F632CAC-51B3-4072-9BC5-C3A3B9EB8A40}.Release|Any CPU.Build.0 = Release|Any CPU
		{2FDA324C-64EA-4E0C-BEB2-7822A43D8AE9}.Debug|Any CPU.ActiveCfg = Debug|Any CPU
		{2FDA324C-64EA-4E0C-BEB2-7822A43D8AE9}.Debug|Any CPU.Build.0 = Debug|Any CPU
		{2FDA324C-64EA-4E0C-BEB2-7822A43D8AE9}.Release|Any CPU.ActiveCfg = Release|Any CPU
		{2FDA324C-64EA-4E0C-BEB2-7822A43D8AE9}.Release|Any CPU.Build.0 = Release|Any CPU
	EndGlobalSection
	GlobalSection(SolutionProperties) = preSolution
		HideSolutionNode = FALSE
	EndGlobalSection
	GlobalSection(ExtensibilityGlobals) = postSolution
		SolutionGuid = {70B4240B-B03F-4C33-A316-FAE2DE203A7D}
	EndGlobalSection
EndGlobal
