
Microsoft Visual Studio Solution File, Format Version 12.00
# Visual Studio Version 17
VisualStudioVersion = 17.8.34525.116
MinimumVisualStudioVersion = 10.0.40219.1
Project("{FAE04EC0-301F-11D3-BF4B-00C04F79EFBC}") = "Pract1VisualProg", "Pract1VisualProg\Pract1VisualProg.csproj", "{FD748F6F-D46D-43AC-9F67-C86CC7FC5691}"
EndProject
Project("{FAE04EC0-301F-11D3-BF4B-00C04F79EFBC}") = "Pract1Class", "Pract1Class\Pract1Class.csproj", "{90339D91-6AB0-41A0-B45C-DDD8CB9D8640}"
EndProject
Global
	GlobalSection(SolutionConfigurationPlatforms) = preSolution
		Debug|Any CPU = Debug|Any CPU
		Release|Any CPU = Release|Any CPU
	EndGlobalSection
	GlobalSection(ProjectConfigurationPlatforms) = postSolution
		{FD748F6F-D46D-43AC-9F67-C86CC7FC5691}.Debug|Any CPU.ActiveCfg = Debug|Any CPU
		{FD748F6F-D46D-43AC-9F67-C86CC7FC5691}.Debug|Any CPU.Build.0 = Debug|Any CPU
		{FD748F6F-D46D-43AC-9F67-C86CC7FC5691}.Release|Any CPU.ActiveCfg = Release|Any CPU
		{FD748F6F-D46D-43AC-9F67-C86CC7FC5691}.Release|Any CPU.Build.0 = Release|Any CPU
		{90339D91-6AB0-41A0-B45C-DDD8CB9D8640}.Debug|Any CPU.ActiveCfg = Debug|Any CPU
		{90339D91-6AB0-41A0-B45C-DDD8CB9D8640}.Debug|Any CPU.Build.0 = Debug|Any CPU
		{90339D91-6AB0-41A0-B45C-DDD8CB9D8640}.Release|Any CPU.ActiveCfg = Release|Any CPU
		{90339D91-6AB0-41A0-B45C-DDD8CB9D8640}.Release|Any CPU.Build.0 = Release|Any CPU
	EndGlobalSection
	GlobalSection(SolutionProperties) = preSolution
		HideSolutionNode = FALSE
	EndGlobalSection
	GlobalSection(ExtensibilityGlobals) = postSolution
		SolutionGuid = {4FADA37F-E9D7-4D3A-A295-6192B1C15DA2}
	EndGlobalSection
EndGlobal
