
Microsoft Visual Studio Solution File, Format Version 12.00
# Visual Studio Version 17
VisualStudioVersion = 17.9.34728.123
MinimumVisualStudioVersion = 10.0.40219.1
Project("{FAE04EC0-301F-11D3-BF4B-00C04F79EFBC}") = "SupplyFormVisualLab12", "SupplyFormVisualLab12\SupplyFormVisualLab12.csproj", "{45ED2F07-5626-403D-BB83-9CF53F65EF34}"
EndProject
Global
	GlobalSection(SolutionConfigurationPlatforms) = preSolution
		Debug|Any CPU = Debug|Any CPU
		Release|Any CPU = Release|Any CPU
	EndGlobalSection
	GlobalSection(ProjectConfigurationPlatforms) = postSolution
		{45ED2F07-5626-403D-BB83-9CF53F65EF34}.Debug|Any CPU.ActiveCfg = Debug|Any CPU
		{45ED2F07-5626-403D-BB83-9CF53F65EF34}.Debug|Any CPU.Build.0 = Debug|Any CPU
		{45ED2F07-5626-403D-BB83-9CF53F65EF34}.Release|Any CPU.ActiveCfg = Release|Any CPU
		{45ED2F07-5626-403D-BB83-9CF53F65EF34}.Release|Any CPU.Build.0 = Release|Any CPU
	EndGlobalSection
	GlobalSection(SolutionProperties) = preSolution
		HideSolutionNode = FALSE
	EndGlobalSection
	GlobalSection(ExtensibilityGlobals) = postSolution
		SolutionGuid = {495C7936-6D1C-4BA7-AF6A-B62709D43520}
	EndGlobalSection
EndGlobal
